
Microsoft Visual Studio Solution File, Format Version 12.00
# Visual Studio Version 16
VisualStudioVersion = 16.0.31313.79
MinimumVisualStudioVersion = 10.0.40219.1
Project("{FAE04EC0-301F-11D3-BF4B-00C04F79EFBC}") = "DiscordTokenChecker by wDude", "DiscordTokenChecker by wDude\DiscordTokenChecker by wDude.csproj", "{90F324E6-5487-4F76-8946-A94799D005F3}"
EndProject
Global
	GlobalSection(SolutionConfigurationPlatforms) = preSolution
		Debug|Any CPU = Debug|Any CPU
		Release|Any CPU = Release|Any CPU
	EndGlobalSection
	GlobalSection(ProjectConfigurationPlatforms) = postSolution
		{90F324E6-5487-4F76-8946-A94799D005F3}.Debug|Any CPU.ActiveCfg = Debug|Any CPU
		{90F324E6-5487-4F76-8946-A94799D005F3}.Debug|Any CPU.Build.0 = Debug|Any CPU
		{90F324E6-5487-4F76-8946-A94799D005F3}.Release|Any CPU.ActiveCfg = Release|Any CPU
		{90F324E6-5487-4F76-8946-A94799D005F3}.Release|Any CPU.Build.0 = Release|Any CPU
	EndGlobalSection
	GlobalSection(SolutionProperties) = preSolution
		HideSolutionNode = FALSE
	EndGlobalSection
	GlobalSection(ExtensibilityGlobals) = postSolution
		SolutionGuid = {395B122C-A7C7-4018-8D26-A18E4A6088A8}
	EndGlobalSection
EndGlobal
